// !$*UTF8*$!
{
	archiveVersion = 1;
	classes = {
	};
	objectVersion = 46;
	objects = {

/* Begin PBXBuildFile section */
		40FFD2121D9F3FC800DF8306 /* AppDelegate.swift in Sources */ = {isa = PBXBuildFile; fileRef = 40FFD2111D9F3FC800DF8306 /* AppDelegate.swift */; };
		40FFD2141D9F3FC800DF8306 /* MainVC.swift in Sources */ = {isa = PBXBuildFile; fileRef = 40FFD2131D9F3FC800DF8306 /* MainVC.swift */; };
		40FFD2171D9F3FC800DF8306 /* Main.storyboard in Resources */ = {isa = PBXBuildFile; fileRef = 40FFD2151D9F3FC800DF8306 /* Main.storyboard */; };
		40FFD2191D9F3FC800DF8306 /* Assets.xcassets in Resources */ = {isa = PBXBuildFile; fileRef = 40FFD2181D9F3FC800DF8306 /* Assets.xcassets */; };
		40FFD21C1D9F3FC800DF8306 /* LaunchScreen.storyboard in Resources */ = {isa = PBXBuildFile; fileRef = 40FFD21A1D9F3FC800DF8306 /* LaunchScreen.storyboard */; };
		40FFD2281D9F48FA00DF8306 /* still time.ttf in Resources */ = {isa = PBXBuildFile; fileRef = 40FFD2271D9F48FA00DF8306 /* still time.ttf */; };
		40FFD22A1D9F4AA600DF8306 /* VideoVC.swift in Sources */ = {isa = PBXBuildFile; fileRef = 40FFD2291D9F4AA600DF8306 /* VideoVC.swift */; };
/* End PBXBuildFile section */

/* Begin PBXFileReference section */
		40FFD20E1D9F3FC800DF8306 /* Party-Rocks.app */ = {isa = PBXFileReference; explicitFileType = wrapper.application; includeInIndex = 0; path = "Party-Rocks.app"; sourceTree = BUILT_PRODUCTS_DIR; };
		40FFD2111D9F3FC800DF8306 /* AppDelegate.swift */ = {isa = PBXFileReference; lastKnownFileType = sourcecode.swift; path = AppDelegate.swift; sourceTree = "<group>"; };
		40FFD2131D9F3FC800DF8306 /* MainVC.swift */ = {isa = PBXFileReference; lastKnownFileType = sourcecode.swift; path = MainVC.swift; sourceTree = "<group>"; };
		40FFD2161D9F3FC800DF8306 /* Base */ = {isa = PBXFileReference; lastKnownFileType = file.storyboard; name = Base; path = Base.lproj/Main.storyboard; sourceTree = "<group>"; };
		40FFD2181D9F3FC800DF8306 /* Assets.xcassets */ = {isa = PBXFileReference; lastKnownFileType = folder.assetcatalog; path = Assets.xcassets; sourceTree = "<group>"; };
		40FFD21B1D9F3FC800DF8306 /* Base */ = {isa = PBXFileReference; lastKnownFileType = file.storyboard; name = Base; path = Base.lproj/LaunchScreen.storyboard; sourceTree = "<group>"; };
		40FFD21D1D9F3FC800DF8306 /* Info.plist */ = {isa = PBXFileReference; lastKnownFileType = text.plist.xml; path = Info.plist; sourceTree = "<group>"; };
		40FFD2271D9F48FA00DF8306 /* still time.ttf */ = {isa = PBXFileReference; lastKnownFileType = file; path = "still time.ttf"; sourceTree = "<group>"; };
		40FFD2291D9F4AA600DF8306 /* VideoVC.swift */ = {isa = PBXFileReference; fileEncoding = 4; lastKnownFileType = sourcecode.swift; path = VideoVC.swift; sourceTree = "<group>"; };
/* End PBXFileReference section */

/* Begin PBXFrameworksBuildPhase section */
		40FFD20B1D9F3FC700DF8306 /* Frameworks */ = {
			isa = PBXFrameworksBuildPhase;
			buildActionMask = 2147483647;
			files = (
			);
			runOnlyForDeploymentPostprocessing = 0;
		};
/* End PBXFrameworksBuildPhase section */

/* Begin PBXGroup section */
		40FFD2051D9F3FC700DF8306 = {
			isa = PBXGroup;
			children = (
				40FFD2101D9F3FC800DF8306 /* Party-Rocks */,
				40FFD20F1D9F3FC800DF8306 /* Products */,
			);
			sourceTree = "<group>";
		};
		40FFD20F1D9F3FC800DF8306 /* Products */ = {
			isa = PBXGroup;
			children = (
				40FFD20E1D9F3FC800DF8306 /* Party-Rocks.app */,
			);
			name = Products;
			sourceTree = "<group>";
		};
		40FFD2101D9F3FC800DF8306 /* Party-Rocks */ = {
			isa = PBXGroup;
			children = (
				40FFD2261D9F48E700DF8306 /* Lib */,
				40FFD2251D9F404B00DF8306 /* Model */,
				40FFD2241D9F404100DF8306 /* View */,
				40FFD2231D9F403600DF8306 /* Controller */,
				40FFD2111D9F3FC800DF8306 /* AppDelegate.swift */,
				40FFD2181D9F3FC800DF8306 /* Assets.xcassets */,
				40FFD21D1D9F3FC800DF8306 /* Info.plist */,
			);
			path = "Party-Rocks";
			sourceTree = "<group>";
		};
		40FFD2231D9F403600DF8306 /* Controller */ = {
			isa = PBXGroup;
			children = (
				40FFD2131D9F3FC800DF8306 /* MainVC.swift */,
				40FFD2291D9F4AA600DF8306 /* VideoVC.swift */,
			);
			name = Controller;
			sourceTree = "<group>";
		};
		40FFD2241D9F404100DF8306 /* View */ = {
			isa = PBXGroup;
			children = (
				40FFD2151D9F3FC800DF8306 /* Main.storyboard */,
				40FFD21A1D9F3FC800DF8306 /* LaunchScreen.storyboard */,
			);
			name = View;
			sourceTree = "<group>";
		};
		40FFD2251D9F404B00DF8306 /* Model */ = {
			isa = PBXGroup;
			children = (
			);
			name = Model;
			sourceTree = "<group>";
		};
		40FFD2261D9F48E700DF8306 /* Lib */ = {
			isa = PBXGroup;
			children = (
				40FFD2271D9F48FA00DF8306 /* still time.ttf */,
			);
			name = Lib;
			sourceTree = "<group>";
		};
/* End PBXGroup section */

/* Begin PBXNativeTarget section */
		40FFD20D1D9F3FC700DF8306 /* Party-Rocks */ = {
			isa = PBXNativeTarget;
			buildConfigurationList = 40FFD2201D9F3FC800DF8306 /* Build configuration list for PBXNativeTarget "Party-Rocks" */;
			buildPhases = (
				40FFD20A1D9F3FC700DF8306 /* Sources */,
				40FFD20B1D9F3FC700DF8306 /* Frameworks */,
				40FFD20C1D9F3FC700DF8306 /* Resources */,
			);
			buildRules = (
			);
			dependencies = (
			);
			name = "Party-Rocks";
			productName = "Party-Rocks";
			productReference = 40FFD20E1D9F3FC800DF8306 /* Party-Rocks.app */;
			productType = "com.apple.product-type.application";
		};
/* End PBXNativeTarget section */

/* Begin PBXProject section */
		40FFD2061D9F3FC700DF8306 /* Project object */ = {
			isa = PBXProject;
			attributes = {
				LastSwiftUpdateCheck = 0800;
				LastUpgradeCheck = 0800;
				ORGANIZATIONNAME = "Mostafijur Rahaman";
				TargetAttributes = {
					40FFD20D1D9F3FC700DF8306 = {
						CreatedOnToolsVersion = 8.0;
						DevelopmentTeam = QMBE7G4PQJ;
						ProvisioningStyle = Automatic;
					};
				};
			};
			buildConfigurationList = 40FFD2091D9F3FC700DF8306 /* Build configuration list for PBXProject "Party-Rocks" */;
			compatibilityVersion = "Xcode 3.2";
			developmentRegion = English;
			hasScannedForEncodings = 0;
			knownRegions = (
				en,
				Base,
			);
			mainGroup = 40FFD2051D9F3FC700DF8306;
			productRefGroup = 40FFD20F1D9F3FC800DF8306 /* Products */;
			projectDirPath = "";
			projectRoot = "";
			targets = (
				40FFD20D1D9F3FC700DF8306 /* Party-Rocks */,
			);
		};
/* End PBXProject section */

/* Begin PBXResourcesBuildPhase section */
		40FFD20C1D9F3FC700DF8306 /* Resources */ = {
			isa = PBXResourcesBuildPhase;
			buildActionMask = 2147483647;
			files = (
				40FFD21C1D9F3FC800DF8306 /* LaunchScreen.storyboard in Resources */,
				40FFD2281D9F48FA00DF8306 /* still time.ttf in Resources */,
				40FFD2191D9F3FC800DF8306 /* Assets.xcassets in Resources */,
				40FFD2171D9F3FC800DF8306 /* Main.storyboard in Resources */,
			);
			runOnlyForDeploymentPostprocessing = 0;
		};
/* End PBXResourcesBuildPhase section */

/* Begin PBXSourcesBuildPhase section */
		40FFD20A1D9F3FC700DF8306 /* Sources */ = {
			isa = PBXSourcesBuildPhase;
			buildActionMask = 2147483647;
			files = (
				40FFD22A1D9F4AA600DF8306 /* VideoVC.swift in Sources */,
				40FFD2141D9F3FC800DF8306 /* MainVC.swift in Sources */,
				40FFD2121D9F3FC800DF8306 /* AppDelegate.swift in Sources */,
			);
			runOnlyForDeploymentPostprocessing = 0;
		};
/* End PBXSourcesBuildPhase section */

/* Begin PBXVariantGroup section */
		40FFD2151D9F3FC800DF8306 /* Main.storyboard */ = {
			isa = PBXVariantGroup;
			children = (
				40FFD2161D9F3FC800DF8306 /* Base */,
			);
			name = Main.storyboard;
			sourceTree = "<group>";
		};
		40FFD21A1D9F3FC800DF8306 /* LaunchScreen.storyboard */ = {
			isa = PBXVariantGroup;
			children = (
				40FFD21B1D9F3FC800DF8306 /* Base */,
			);
			name = LaunchScreen.storyboard;
			sourceTree = "<group>";
		};
/* End PBXVariantGroup section */

/* Begin XCBuildConfiguration section */
		40FFD21E1D9F3FC800DF8306 /* Debug */ = {
			isa = XCBuildConfiguration;
			buildSettings = {
				ALWAYS_SEARCH_USER_PATHS = NO;
				CLANG_ANALYZER_NONNULL = YES;
				CLANG_CXX_LANGUAGE_STANDARD = "gnu++0x";
				CLANG_CXX_LIBRARY = "libc++";
				CLANG_ENABLE_MODULES = YES;
				CLANG_ENABLE_OBJC_ARC = YES;
				CLANG_WARN_BOOL_CONVERSION = YES;
				CLANG_WARN_CONSTANT_CONVERSION = YES;
				CLANG_WARN_DIRECT_OBJC_ISA_USAGE = YES_ERROR;
				CLANG_WARN_DOCUMENTATION_COMMENTS = YES;
				CLANG_WARN_EMPTY_BODY = YES;
				CLANG_WARN_ENUM_CONVERSION = YES;
				CLANG_WARN_INFINITE_RECURSION = YES;
				CLANG_WARN_INT_CONVERSION = YES;
				CLANG_WARN_OBJC_ROOT_CLASS = YES_ERROR;
				CLANG_WARN_SUSPICIOUS_MOVES = YES;
				CLANG_WARN_UNREACHABLE_CODE = YES;
				CLANG_WARN__DUPLICATE_METHOD_MATCH = YES;
				"CODE_SIGN_IDENTITY[sdk=iphoneos*]" = "iPhone Developer";
				COPY_PHASE_STRIP = NO;
				DEBUG_INFORMATION_FORMAT = dwarf;
				ENABLE_STRICT_OBJC_MSGSEND = YES;
				ENABLE_TESTABILITY = YES;
				GCC_C_LANGUAGE_STANDARD = gnu99;
				GCC_DYNAMIC_NO_PIC = NO;
				GCC_NO_COMMON_BLOCKS = YES;
				GCC_OPTIMIZATION_LEVEL = 0;
				GCC_PREPROCESSOR_DEFINITIONS = (
					"DEBUG=1",
					"$(inherited)",
				);
				GCC_WARN_64_TO_32_BIT_CONVERSION = YES;
				GCC_WARN_ABOUT_RETURN_TYPE = YES_ERROR;
				GCC_WARN_UNDECLARED_SELECTOR = YES;
				GCC_WARN_UNINITIALIZED_AUTOS = YES_AGGRESSIVE;
				GCC_WARN_UNUSED_FUNCTION = YES;
				GCC_WARN_UNUSED_VARIABLE = YES;
				IPHONEOS_DEPLOYMENT_TARGET = 10.0;
				MTL_ENABLE_DEBUG_INFO = YES;
				ONLY_ACTIVE_ARCH = YES;
				SDKROOT = iphoneos;
				SWIFT_ACTIVE_COMPILATION_CONDITIONS = DEBUG;
				SWIFT_OPTIMIZATION_LEVEL = "-Onone";
				TARGETED_DEVICE_FAMILY = "1,2";
			};
			name = Debug;
		};
		40FFD21F1D9F3FC800DF8306 /* Release */ = {
			isa = XCBuildConfiguration;
			buildSettings = {
				ALWAYS_SEARCH_USER_PATHS = NO;
				CLANG_ANALYZER_NONNULL = YES;
				CLANG_CXX_LANGUAGE_STANDARD = "gnu++0x";
				CLANG_CXX_LIBRARY = "libc++";
				CLANG_ENABLE_MODULES = YES;
				CLANG_ENABLE_OBJC_ARC = YES;
				CLANG_WARN_BOOL_CONVERSION = YES;
				CLANG_WARN_CONSTANT_CONVERSION = YES;
				CLANG_WARN_DIRECT_OBJC_ISA_USAGE = YES_ERROR;
				CLANG_WARN_DOCUMENTATION_COMMENTS = YES;
				CLANG_WARN_EMPTY_BODY = YES;
				CLANG_WARN_ENUM_CONVERSION = YES;
				CLANG_WARN_INFINITE_RECURSION = YES;
				CLANG_WARN_INT_CONVERSION = YES;
				CLANG_WARN_OBJC_ROOT_CLASS = YES_ERROR;
				CLANG_WARN_SUSPICIOUS_MOVES = YES;
				CLANG_WARN_UNREACHABLE_CODE = YES;
				CLANG_WARN__DUPLICATE_METHOD_MATCH = YES;
				"CODE_SIGN_IDENTITY[sdk=iphoneos*]" = "iPhone Developer";
				COPY_PHASE_STRIP = NO;
				DEBUG_INFORMATION_FORMAT = "dwarf-with-dsym";
				ENABLE_NS_ASSERTIONS = NO;
				ENABLE_STRICT_OBJC_MSGSEND = YES;
				GCC_C_LANGUAGE_STANDARD = gnu99;
				GCC_NO_COMMON_BLOCKS = YES;
				GCC_WARN_64_TO_32_BIT_CONVERSION = YES;
				GCC_WARN_ABOUT_RETURN_TYPE = YES_ERROR;
				GCC_WARN_UNDECLARED_SELECTOR = YES;
				GCC_WARN_UNINITIALIZED_AUTOS = YES_AGGRESSIVE;
				GCC_WARN_UNUSED_FUNCTION = YES;
				GCC_WARN_UNUSED_VARIABLE = YES;
				IPHONEOS_DEPLOYMENT_TARGET = 10.0;
				MTL_ENABLE_DEBUG_INFO = NO;
				SDKROOT = iphoneos;
				SWIFT_OPTIMIZATION_LEVEL = "-Owholemodule";
				TARGETED_DEVICE_FAMILY = "1,2";
				VALIDATE_PRODUCT = YES;
			};
			name = Release;
		};
		40FFD2211D9F3FC800DF8306 /* Debug */ = {
			isa = XCBuildConfiguration;
			buildSettings = {
				ASSETCATALOG_COMPILER_APPICON_NAME = AppIcon;
				DEVELOPMENT_TEAM = QMBE7G4PQJ;
				INFOPLIST_FILE = "Party-Rocks/Info.plist";
				LD_RUNPATH_SEARCH_PATHS = "$(inherited) @executable_path/Frameworks";
				PRODUCT_BUNDLE_IDENTIFIER = "net.blindcoder.Party-Rocks";
				PRODUCT_NAME = "$(TARGET_NAME)";
				SWIFT_VERSION = 3.0;
			};
			name = Debug;
		};
		40FFD2221D9F3FC800DF8306 /* Release */ = {
			isa = XCBuildConfiguration;
			buildSettings = {
				ASSETCATALOG_COMPILER_APPICON_NAME = AppIcon;
				DEVELOPMENT_TEAM = QMBE7G4PQJ;
				INFOPLIST_FILE = "Party-Rocks/Info.plist";
				LD_RUNPATH_SEARCH_PATHS = "$(inherited) @executable_path/Frameworks";
				PRODUCT_BUNDLE_IDENTIFIER = "net.blindcoder.Party-Rocks";
				PRODUCT_NAME = "$(TARGET_NAME)";
				SWIFT_VERSION = 3.0;
			};
			name = Release;
		};
/* End XCBuildConfiguration section */

/* Begin XCConfigurationList section */
		40FFD2091D9F3FC700DF8306 /* Build configuration list for PBXProject "Party-Rocks" */ = {
			isa = XCConfigurationList;
			buildConfigurations = (
				40FFD21E1D9F3FC800DF8306 /* Debug */,
				40FFD21F1D9F3FC800DF8306 /* Release */,
			);
			defaultConfigurationIsVisible = 0;
			defaultConfigurationName = Release;
		};
		40FFD2201D9F3FC800DF8306 /* Build configuration list for PBXNativeTarget "Party-Rocks" */ = {
			isa = XCConfigurationList;
			buildConfigurations = (
				40FFD2211D9F3FC800DF8306 /* Debug */,
				40FFD2221D9F3FC800DF8306 /* Release */,
			);
			defaultConfigurationIsVisible = 0;
		};
/* End XCConfigurationList section */
	};
	rootObject = 40FFD2061D9F3FC700DF8306 /* Project object */;
}
